Microsoft Visual Studio Solution File, Format Version 12.00
# Visual Studio Version 17
VisualStudioVersion = 17.5.2.0
MinimumVisualStudioVersion = 10.0.40219.1
Project("{FAE04EC0-301F-11D3-BF4B-00C04F79EFBC}") = "Home-Shimu_Guyue", "Home-Shimu_Guyue.csproj", "{23FE9A4F-3B18-61E0-33DE-A10B11D34FDB}"
EndProject
Global
	GlobalSection(SolutionConfigurationPlatforms) = preSolution
		Debug|Any CPU = Debug|Any CPU
		Release|Any CPU = Release|Any CPU
	EndGlobalSection
	GlobalSection(ProjectConfigurationPlatforms) = postSolution
		{23FE9A4F-3B18-61E0-33DE-A10B11D34FDB}.Debug|Any CPU.ActiveCfg = Debug|Any CPU
		{23FE9A4F-3B18-61E0-33DE-A10B11D34FDB}.Debug|Any CPU.Build.0 = Debug|Any CPU
		{23FE9A4F-3B18-61E0-33DE-A10B11D34FDB}.Release|Any CPU.ActiveCfg = Release|Any CPU
		{23FE9A4F-3B18-61E0-33DE-A10B11D34FDB}.Release|Any CPU.Build.0 = Release|Any CPU
	EndGlobalSection
	GlobalSection(SolutionProperties) = preSolution
		HideSolutionNode = FALSE
	EndGlobalSection
	GlobalSection(ExtensibilityGlobals) = postSolution
		SolutionGuid = {4E85035B-BEC1-4031-91CF-1899CD6367EA}
	EndGlobalSection
EndGlobal
